
Microsoft Visual Studio Solution File, Format Version 12.00
# Visual Studio Version 17
VisualStudioVersion = 17.9.34622.214
MinimumVisualStudioVersion = 10.0.40219.1
Project("{9A19103F-16F7-4668-BE54-9A1E7A4F7556}") = "API", "API\API.csproj", "{27BE76E8-C132-495D-B476-E359D79920B9}"
EndProject
Project("{FAE04EC0-301F-11D3-BF4B-00C04F79EFBC}") = "Domain", "Domain\Domain.csproj", "{98B08A4A-5273-4479-B6C5-4BF3049EBCB2}"
EndProject
Global
	GlobalSection(SolutionConfigurationPlatforms) = preSolution
		Debug|Any CPU = Debug|Any CPU
		Release|Any CPU = Release|Any CPU
	EndGlobalSection
	GlobalSection(ProjectConfigurationPlatforms) = postSolution
		{27BE76E8-C132-495D-B476-E359D79920B9}.Debug|Any CPU.ActiveCfg = Debug|Any CPU
		{27BE76E8-C132-495D-B476-E359D79920B9}.Debug|Any CPU.Build.0 = Debug|Any CPU
		{27BE76E8-C132-495D-B476-E359D79920B9}.Release|Any CPU.ActiveCfg = Release|Any CPU
		{27BE76E8-C132-495D-B476-E359D79920B9}.Release|Any CPU.Build.0 = Release|Any CPU
		{98B08A4A-5273-4479-B6C5-4BF3049EBCB2}.Debug|Any CPU.ActiveCfg = Debug|Any CPU
		{98B08A4A-5273-4479-B6C5-4BF3049EBCB2}.Debug|Any CPU.Build.0 = Debug|Any CPU
		{98B08A4A-5273-4479-B6C5-4BF3049EBCB2}.Release|Any CPU.ActiveCfg = Release|Any CPU
		{98B08A4A-5273-4479-B6C5-4BF3049EBCB2}.Release|Any CPU.Build.0 = Release|Any CPU
	EndGlobalSection
	GlobalSection(SolutionProperties) = preSolution
		HideSolutionNode = FALSE
	EndGlobalSection
	GlobalSection(ExtensibilityGlobals) = postSolution
		SolutionGuid = {7D3F23CF-F686-4FB6-9C79-76AFC83CDD81}
	EndGlobalSection
EndGlobal
